// !$*UTF8*$!
{
	archiveVersion = 1;
	classes = {
	};
	objectVersion = 50;
	objects = {

/* Begin PBXBuildFile section */
		724FFEBD23FAD9B700BBA58D /* AppDelegate.swift in Sources */ = {isa = PBXBuildFile; fileRef = 724FFEBC23FAD9B700BBA58D /* AppDelegate.swift */; };
		724FFEBF23FAD9B700BBA58D /* SceneDelegate.swift in Sources */ = {isa = PBXBuildFile; fileRef = 724FFEBE23FAD9B700BBA58D /* SceneDelegate.swift */; };
		724FFEC423FAD9B700BBA58D /* Main.storyboard in Resources */ = {isa = PBXBuildFile; fileRef = 724FFEC223FAD9B700BBA58D /* Main.storyboard */; };
		724FFEC623FAD9BC00BBA58D /* Assets.xcassets in Resources */ = {isa = PBXBuildFile; fileRef = 724FFEC523FAD9BC00BBA58D /* Assets.xcassets */; };
		724FFEC923FAD9BC00BBA58D /* LaunchScreen.storyboard in Resources */ = {isa = PBXBuildFile; fileRef = 724FFEC723FAD9BC00BBA58D /* LaunchScreen.storyboard */; };
		724FFED623FADABD00BBA58D /* Collection.plist in Resources */ = {isa = PBXBuildFile; fileRef = 724FFED523FADABD00BBA58D /* Collection.plist */; };
		724FFED823FAE00100BBA58D /* LibraryViewController.swift in Sources */ = {isa = PBXBuildFile; fileRef = 724FFED723FAE00100BBA58D /* LibraryViewController.swift */; };
		724FFEDA23FAE21D00BBA58D /* GradientView.swift in Sources */ = {isa = PBXBuildFile; fileRef = 724FFED923FAE21D00BBA58D /* GradientView.swift */; };
		724FFEDC23FAE30600BBA58D /* UIColor+Extensions.swift in Sources */ = {isa = PBXBuildFile; fileRef = 724FFEDB23FAE30600BBA58D /* UIColor+Extensions.swift */; };
		724FFEDE23FAE37A00BBA58D /* LibraryCollection.swift in Sources */ = {isa = PBXBuildFile; fileRef = 724FFEDD23FAE37A00BBA58D /* LibraryCollection.swift */; };
		724FFEE023FAE42200BBA58D /* Window.swift in Sources */ = {isa = PBXBuildFile; fileRef = 724FFEDF23FAE42200BBA58D /* Window.swift */; };
		724FFEE223FAE53200BBA58D /* Section.swift in Sources */ = {isa = PBXBuildFile; fileRef = 724FFEE123FAE53200BBA58D /* Section.swift */; };
		724FFEE423FAEB7A00BBA58D /* DataSource.swift in Sources */ = {isa = PBXBuildFile; fileRef = 724FFEE323FAEB7A00BBA58D /* DataSource.swift */; };
		724FFEE623FAEE4A00BBA58D /* WindowCell.swift in Sources */ = {isa = PBXBuildFile; fileRef = 724FFEE523FAEE4A00BBA58D /* WindowCell.swift */; };
		724FFEE823FAF13000BBA58D /* TitleSuplementaryView.swift in Sources */ = {isa = PBXBuildFile; fileRef = 724FFEE723FAF13000BBA58D /* TitleSuplementaryView.swift */; };
		724FFEEA23FAF4D100BBA58D /* WindowDetailController.swift in Sources */ = {isa = PBXBuildFile; fileRef = 724FFEE923FAF4D100BBA58D /* WindowDetailController.swift */; };
/* End PBXBuildFile section */

/* Begin PBXFileReference section */
		724FFEB923FAD9B700BBA58D /* FeelGoodKK.app */ = {isa = PBXFileReference; explicitFileType = wrapper.application; includeInIndex = 0; path = FeelGoodKK.app; sourceTree = BUILT_PRODUCTS_DIR; };
		724FFEBC23FAD9B700BBA58D /* AppDelegate.swift */ = {isa = PBXFileReference; lastKnownFileType = sourcecode.swift; path = AppDelegate.swift; sourceTree = "<group>"; };
		724FFEBE23FAD9B700BBA58D /* SceneDelegate.swift */ = {isa = PBXFileReference; lastKnownFileType = sourcecode.swift; path = SceneDelegate.swift; sourceTree = "<group>"; };
		724FFEC323FAD9B700BBA58D /* Base */ = {isa = PBXFileReference; lastKnownFileType = file.storyboard; name = Base; path = Base.lproj/Main.storyboard; sourceTree = "<group>"; };
		724FFEC523FAD9BC00BBA58D /* Assets.xcassets */ = {isa = PBXFileReference; lastKnownFileType = folder.assetcatalog; path = Assets.xcassets; sourceTree = "<group>"; };
		724FFEC823FAD9BC00BBA58D /* Base */ = {isa = PBXFileReference; lastKnownFileType = file.storyboard; name = Base; path = Base.lproj/LaunchScreen.storyboard; sourceTree = "<group>"; };
		724FFECA23FAD9BC00BBA58D /* Info.plist */ = {isa = PBXFileReference; lastKnownFileType = text.plist.xml; path = Info.plist; sourceTree = "<group>"; };
		724FFED523FADABD00BBA58D /* Collection.plist */ = {isa = PBXFileReference; lastKnownFileType = text.plist.xml; path = Collection.plist; sourceTree = "<group>"; };
		724FFED723FAE00100BBA58D /* LibraryViewController.swift */ = {isa = PBXFileReference; lastKnownFileType = sourcecode.swift; path = LibraryViewController.swift; sourceTree = "<group>"; };
		724FFED923FAE21D00BBA58D /* GradientView.swift */ = {isa = PBXFileReference; lastKnownFileType = sourcecode.swift; path = GradientView.swift; sourceTree = "<group>"; };
		724FFEDB23FAE30600BBA58D /* UIColor+Extensions.swift */ = {isa = PBXFileReference; lastKnownFileType = sourcecode.swift; path = "UIColor+Extensions.swift"; sourceTree = "<group>"; };
		724FFEDD23FAE37A00BBA58D /* LibraryCollection.swift */ = {isa = PBXFileReference; lastKnownFileType = sourcecode.swift; path = LibraryCollection.swift; sourceTree = "<group>"; };
		724FFEDF23FAE42200BBA58D /* Window.swift */ = {isa = PBXFileReference; lastKnownFileType = sourcecode.swift; path = Window.swift; sourceTree = "<group>"; };
		724FFEE123FAE53200BBA58D /* Section.swift */ = {isa = PBXFileReference; lastKnownFileType = sourcecode.swift; path = Section.swift; sourceTree = "<group>"; };
		724FFEE323FAEB7A00BBA58D /* DataSource.swift */ = {isa = PBXFileReference; lastKnownFileType = sourcecode.swift; path = DataSource.swift; sourceTree = "<group>"; };
		724FFEE523FAEE4A00BBA58D /* WindowCell.swift */ = {isa = PBXFileReference; lastKnownFileType = sourcecode.swift; path = WindowCell.swift; sourceTree = "<group>"; };
		724FFEE723FAF13000BBA58D /* TitleSuplementaryView.swift */ = {isa = PBXFileReference; lastKnownFileType = sourcecode.swift; path = TitleSuplementaryView.swift; sourceTree = "<group>"; };
		724FFEE923FAF4D100BBA58D /* WindowDetailController.swift */ = {isa = PBXFileReference; lastKnownFileType = sourcecode.swift; path = WindowDetailController.swift; sourceTree = "<group>"; };
/* End PBXFileReference section */

/* Begin PBXFrameworksBuildPhase section */
		724FFEB623FAD9B700BBA58D /* Frameworks */ = {
			isa = PBXFrameworksBuildPhase;
			buildActionMask = 2147483647;
			files = (
			);
			runOnlyForDeploymentPostprocessing = 0;
		};
/* End PBXFrameworksBuildPhase section */

/* Begin PBXGroup section */
		724FFEB023FAD9B700BBA58D = {
			isa = PBXGroup;
			children = (
				724FFEBB23FAD9B700BBA58D /* FeelGoodKK */,
				724FFEBA23FAD9B700BBA58D /* Products */,
			);
			sourceTree = "<group>";
		};
		724FFEBA23FAD9B700BBA58D /* Products */ = {
			isa = PBXGroup;
			children = (
				724FFEB923FAD9B700BBA58D /* FeelGoodKK.app */,
			);
			name = Products;
			sourceTree = "<group>";
		};
		724FFEBB23FAD9B700BBA58D /* FeelGoodKK */ = {
			isa = PBXGroup;
			children = (
				724FFED023FAD9DB00BBA58D /* Controllers */,
				724FFED123FAD9F300BBA58D /* Views */,
				724FFED423FADA0A00BBA58D /* Data */,
				724FFED323FADA0400BBA58D /* Models */,
				724FFED223FAD9F900BBA58D /* Helpers */,
				724FFEBC23FAD9B700BBA58D /* AppDelegate.swift */,
				724FFEBE23FAD9B700BBA58D /* SceneDelegate.swift */,
				724FFEC223FAD9B700BBA58D /* Main.storyboard */,
				724FFEC523FAD9BC00BBA58D /* Assets.xcassets */,
				724FFEC723FAD9BC00BBA58D /* LaunchScreen.storyboard */,
				724FFECA23FAD9BC00BBA58D /* Info.plist */,
			);
			path = FeelGoodKK;
			sourceTree = "<group>";
		};
		724FFED023FAD9DB00BBA58D /* Controllers */ = {
			isa = PBXGroup;
			children = (
				724FFED723FAE00100BBA58D /* LibraryViewController.swift */,
				724FFEE923FAF4D100BBA58D /* WindowDetailController.swift */,
			);
			path = Controllers;
			sourceTree = "<group>";
		};
		724FFED123FAD9F300BBA58D /* Views */ = {
			isa = PBXGroup;
			children = (
				724FFED923FAE21D00BBA58D /* GradientView.swift */,
				724FFEE523FAEE4A00BBA58D /* WindowCell.swift */,
				724FFEE723FAF13000BBA58D /* TitleSuplementaryView.swift */,
			);
			path = Views;
			sourceTree = "<group>";
		};
		724FFED223FAD9F900BBA58D /* Helpers */ = {
			isa = PBXGroup;
			children = (
				724FFEDB23FAE30600BBA58D /* UIColor+Extensions.swift */,
			);
			path = Helpers;
			sourceTree = "<group>";
		};
		724FFED323FADA0400BBA58D /* Models */ = {
			isa = PBXGroup;
			children = (
				724FFEDD23FAE37A00BBA58D /* LibraryCollection.swift */,
				724FFEDF23FAE42200BBA58D /* Window.swift */,
				724FFEE123FAE53200BBA58D /* Section.swift */,
			);
			path = Models;
			sourceTree = "<group>";
		};
		724FFED423FADA0A00BBA58D /* Data */ = {
			isa = PBXGroup;
			children = (
				724FFED523FADABD00BBA58D /* Collection.plist */,
				724FFEE323FAEB7A00BBA58D /* DataSource.swift */,
			);
			path = Data;
			sourceTree = "<group>";
		};
/* End PBXGroup section */

/* Begin PBXNativeTarget section */
		724FFEB823FAD9B700BBA58D /* FeelGoodKK */ = {
			isa = PBXNativeTarget;
			buildConfigurationList = 724FFECD23FAD9BC00BBA58D /* Build configuration list for PBXNativeTarget "FeelGoodKK" */;
			buildPhases = (
				724FFEB523FAD9B700BBA58D /* Sources */,
				724FFEB623FAD9B700BBA58D /* Frameworks */,
				724FFEB723FAD9B700BBA58D /* Resources */,
			);
			buildRules = (
			);
			dependencies = (
			);
			name = FeelGoodKK;
			productName = FeelGoodKK;
			productReference = 724FFEB923FAD9B700BBA58D /* FeelGoodKK.app */;
			productType = "com.apple.product-type.application";
		};
/* End PBXNativeTarget section */

/* Begin PBXProject section */
		724FFEB123FAD9B700BBA58D /* Project object */ = {
			isa = PBXProject;
			attributes = {
				LastSwiftUpdateCheck = 1130;
				LastUpgradeCheck = 1130;
				ORGANIZATIONNAME = "Kajetan Kuczorski";
				TargetAttributes = {
					724FFEB823FAD9B700BBA58D = {
						CreatedOnToolsVersion = 11.3.1;
					};
				};
			};
			buildConfigurationList = 724FFEB423FAD9B700BBA58D /* Build configuration list for PBXProject "FeelGoodKK" */;
			compatibilityVersion = "Xcode 9.3";
			developmentRegion = en;
			hasScannedForEncodings = 0;
			knownRegions = (
				en,
				Base,
			);
			mainGroup = 724FFEB023FAD9B700BBA58D;
			productRefGroup = 724FFEBA23FAD9B700BBA58D /* Products */;
			projectDirPath = "";
			projectRoot = "";
			targets = (
				724FFEB823FAD9B700BBA58D /* FeelGoodKK */,
			);
		};
/* End PBXProject section */

/* Begin PBXResourcesBuildPhase section */
		724FFEB723FAD9B700BBA58D /* Resources */ = {
			isa = PBXResourcesBuildPhase;
			buildActionMask = 2147483647;
			files = (
				724FFEC923FAD9BC00BBA58D /* LaunchScreen.storyboard in Resources */,
				724FFEC623FAD9BC00BBA58D /* Assets.xcassets in Resources */,
				724FFED623FADABD00BBA58D /* Collection.plist in Resources */,
				724FFEC423FAD9B700BBA58D /* Main.storyboard in Resources */,
			);
			runOnlyForDeploymentPostprocessing = 0;
		};
/* End PBXResourcesBuildPhase section */

/* Begin PBXSourcesBuildPhase section */
		724FFEB523FAD9B700BBA58D /* Sources */ = {
			isa = PBXSourcesBuildPhase;
			buildActionMask = 2147483647;
			files = (
				724FFEBD23FAD9B700BBA58D /* AppDelegate.swift in Sources */,
				724FFEE823FAF13000BBA58D /* TitleSuplementaryView.swift in Sources */,
				724FFEDE23FAE37A00BBA58D /* LibraryCollection.swift in Sources */,
				724FFEE023FAE42200BBA58D /* Window.swift in Sources */,
				724FFEE423FAEB7A00BBA58D /* DataSource.swift in Sources */,
				724FFEDC23FAE30600BBA58D /* UIColor+Extensions.swift in Sources */,
				724FFEEA23FAF4D100BBA58D /* WindowDetailController.swift in Sources */,
				724FFED823FAE00100BBA58D /* LibraryViewController.swift in Sources */,
				724FFEE223FAE53200BBA58D /* Section.swift in Sources */,
				724FFEE623FAEE4A00BBA58D /* WindowCell.swift in Sources */,
				724FFEDA23FAE21D00BBA58D /* GradientView.swift in Sources */,
				724FFEBF23FAD9B700BBA58D /* SceneDelegate.swift in Sources */,
			);
			runOnlyForDeploymentPostprocessing = 0;
		};
/* End PBXSourcesBuildPhase section */

/* Begin PBXVariantGroup section */
		724FFEC223FAD9B700BBA58D /* Main.storyboard */ = {
			isa = PBXVariantGroup;
			children = (
				724FFEC323FAD9B700BBA58D /* Base */,
			);
			name = Main.storyboard;
			sourceTree = "<group>";
		};
		724FFEC723FAD9BC00BBA58D /* LaunchScreen.storyboard */ = {
			isa = PBXVariantGroup;
			children = (
				724FFEC823FAD9BC00BBA58D /* Base */,
			);
			name = LaunchScreen.storyboard;
			sourceTree = "<group>";
		};
/* End PBXVariantGroup section */

/* Begin XCBuildConfiguration section */
		724FFECB23FAD9BC00BBA58D /* Debug */ = {
			isa = XCBuildConfiguration;
			buildSettings = {
				ALWAYS_SEARCH_USER_PATHS = NO;
				CLANG_ANALYZER_NONNULL = YES;
				CLANG_ANALYZER_NUMBER_OBJECT_CONVERSION = YES_AGGRESSIVE;
				CLANG_CXX_LANGUAGE_STANDARD = "gnu++14";
				CLANG_CXX_LIBRARY = "libc++";
				CLANG_ENABLE_MODULES = YES;
				CLANG_ENABLE_OBJC_ARC = YES;
				CLANG_ENABLE_OBJC_WEAK = YES;
				CLANG_WARN_BLOCK_CAPTURE_AUTORELEASING = YES;
				CLANG_WARN_BOOL_CONVERSION = YES;
				CLANG_WARN_COMMA = YES;
				CLANG_WARN_CONSTANT_CONVERSION = YES;
				CLANG_WARN_DEPRECATED_OBJC_IMPLEMENTATIONS = YES;
				CLANG_WARN_DIRECT_OBJC_ISA_USAGE = YES_ERROR;
				CLANG_WARN_DOCUMENTATION_COMMENTS = YES;
				CLANG_WARN_EMPTY_BODY = YES;
				CLANG_WARN_ENUM_CONVERSION = YES;
				CLANG_WARN_INFINITE_RECURSION = YES;
				CLANG_WARN_INT_CONVERSION = YES;
				CLANG_WARN_NON_LITERAL_NULL_CONVERSION = YES;
				CLANG_WARN_OBJC_IMPLICIT_RETAIN_SELF = YES;
				CLANG_WARN_OBJC_LITERAL_CONVERSION = YES;
				CLANG_WARN_OBJC_ROOT_CLASS = YES_ERROR;
				CLANG_WARN_RANGE_LOOP_ANALYSIS = YES;
				CLANG_WARN_STRICT_PROTOTYPES = YES;
				CLANG_WARN_SUSPICIOUS_MOVE = YES;
				CLANG_WARN_UNGUARDED_AVAILABILITY = YES_AGGRESSIVE;
				CLANG_WARN_UNREACHABLE_CODE = YES;
				CLANG_WARN__DUPLICATE_METHOD_MATCH = YES;
				COPY_PHASE_STRIP = NO;
				DEBUG_INFORMATION_FORMAT = dwarf;
				ENABLE_STRICT_OBJC_MSGSEND = YES;
				ENABLE_TESTABILITY = YES;
				GCC_C_LANGUAGE_STANDARD = gnu11;
				GCC_DYNAMIC_NO_PIC = NO;
				GCC_NO_COMMON_BLOCKS = YES;
				GCC_OPTIMIZATION_LEVEL = 0;
				GCC_PREPROCESSOR_DEFINITIONS = (
					"DEBUG=1",
					"$(inherited)",
				);
				GCC_WARN_64_TO_32_BIT_CONVERSION = YES;
				GCC_WARN_ABOUT_RETURN_TYPE = YES_ERROR;
				GCC_WARN_UNDECLARED_SELECTOR = YES;
				GCC_WARN_UNINITIALIZED_AUTOS = YES_AGGRESSIVE;
				GCC_WARN_UNUSED_FUNCTION = YES;
				GCC_WARN_UNUSED_VARIABLE = YES;
				IPHONEOS_DEPLOYMENT_TARGET = 13.2;
				MTL_ENABLE_DEBUG_INFO = INCLUDE_SOURCE;
				MTL_FAST_MATH = YES;
				ONLY_ACTIVE_ARCH = YES;
				SDKROOT = iphoneos;
				SWIFT_ACTIVE_COMPILATION_CONDITIONS = DEBUG;
				SWIFT_OPTIMIZATION_LEVEL = "-Onone";
			};
			name = Debug;
		};
		724FFECC23FAD9BC00BBA58D /* Release */ = {
			isa = XCBuildConfiguration;
			buildSettings = {
				ALWAYS_SEARCH_USER_PATHS = NO;
				CLANG_ANALYZER_NONNULL = YES;
				CLANG_ANALYZER_NUMBER_OBJECT_CONVERSION = YES_AGGRESSIVE;
				CLANG_CXX_LANGUAGE_STANDARD = "gnu++14";
				CLANG_CXX_LIBRARY = "libc++";
				CLANG_ENABLE_MODULES = YES;
				CLANG_ENABLE_OBJC_ARC = YES;
				CLANG_ENABLE_OBJC_WEAK = YES;
				CLANG_WARN_BLOCK_CAPTURE_AUTORELEASING = YES;
				CLANG_WARN_BOOL_CONVERSION = YES;
				CLANG_WARN_COMMA = YES;
				CLANG_WARN_CONSTANT_CONVERSION = YES;
				CLANG_WARN_DEPRECATED_OBJC_IMPLEMENTATIONS = YES;
				CLANG_WARN_DIRECT_OBJC_ISA_USAGE = YES_ERROR;
				CLANG_WARN_DOCUMENTATION_COMMENTS = YES;
				CLANG_WARN_EMPTY_BODY = YES;
				CLANG_WARN_ENUM_CONVERSION = YES;
				CLANG_WARN_INFINITE_RECURSION = YES;
				CLANG_WARN_INT_CONVERSION = YES;
				CLANG_WARN_NON_LITERAL_NULL_CONVERSION = YES;
				CLANG_WARN_OBJC_IMPLICIT_RETAIN_SELF = YES;
				CLANG_WARN_OBJC_LITERAL_CONVERSION = YES;
				CLANG_WARN_OBJC_ROOT_CLASS = YES_ERROR;
				CLANG_WARN_RANGE_LOOP_ANALYSIS = YES;
				CLANG_WARN_STRICT_PROTOTYPES = YES;
				CLANG_WARN_SUSPICIOUS_MOVE = YES;
				CLANG_WARN_UNGUARDED_AVAILABILITY = YES_AGGRESSIVE;
				CLANG_WARN_UNREACHABLE_CODE = YES;
				CLANG_WARN__DUPLICATE_METHOD_MATCH = YES;
				COPY_PHASE_STRIP = NO;
				DEBUG_INFORMATION_FORMAT = "dwarf-with-dsym";
				ENABLE_NS_ASSERTIONS = NO;
				ENABLE_STRICT_OBJC_MSGSEND = YES;
				GCC_C_LANGUAGE_STANDARD = gnu11;
				GCC_NO_COMMON_BLOCKS = YES;
				GCC_WARN_64_TO_32_BIT_CONVERSION = YES;
				GCC_WARN_ABOUT_RETURN_TYPE = YES_ERROR;
				GCC_WARN_UNDECLARED_SELECTOR = YES;
				GCC_WARN_UNINITIALIZED_AUTOS = YES_AGGRESSIVE;
				GCC_WARN_UNUSED_FUNCTION = YES;
				GCC_WARN_UNUSED_VARIABLE = YES;
				IPHONEOS_DEPLOYMENT_TARGET = 13.2;
				MTL_ENABLE_DEBUG_INFO = NO;
				MTL_FAST_MATH = YES;
				SDKROOT = iphoneos;
				SWIFT_COMPILATION_MODE = wholemodule;
				SWIFT_OPTIMIZATION_LEVEL = "-O";
				VALIDATE_PRODUCT = YES;
			};
			name = Release;
		};
		724FFECE23FAD9BC00BBA58D /* Debug */ = {
			isa = XCBuildConfiguration;
			buildSettings = {
				ASSETCATALOG_COMPILER_APPICON_NAME = AppIcon;
				CODE_SIGN_STYLE = Automatic;
				DEVELOPMENT_TEAM = YF8R92M9YQ;
				INFOPLIST_FILE = FeelGoodKK/Info.plist;
				LD_RUNPATH_SEARCH_PATHS = (
					"$(inherited)",
					"@executable_path/Frameworks",
				);
				PRODUCT_BUNDLE_IDENTIFIER = eu.communic.FeelGoodKK;
				PRODUCT_NAME = "$(TARGET_NAME)";
				SWIFT_VERSION = 5.0;
				TARGETED_DEVICE_FAMILY = "1,2";
			};
			name = Debug;
		};
		724FFECF23FAD9BC00BBA58D /* Release */ = {
			isa = XCBuildConfiguration;
			buildSettings = {
				ASSETCATALOG_COMPILER_APPICON_NAME = AppIcon;
				CODE_SIGN_STYLE = Automatic;
				DEVELOPMENT_TEAM = YF8R92M9YQ;
				INFOPLIST_FILE = FeelGoodKK/Info.plist;
				LD_RUNPATH_SEARCH_PATHS = (
					"$(inherited)",
					"@executable_path/Frameworks",
				);
				PRODUCT_BUNDLE_IDENTIFIER = eu.communic.FeelGoodKK;
				PRODUCT_NAME = "$(TARGET_NAME)";
				SWIFT_VERSION = 5.0;
				TARGETED_DEVICE_FAMILY = "1,2";
			};
			name = Release;
		};
/* End XCBuildConfiguration section */

/* Begin XCConfigurationList section */
		724FFEB423FAD9B700BBA58D /* Build configuration list for PBXProject "FeelGoodKK" */ = {
			isa = XCConfigurationList;
			buildConfigurations = (
				724FFECB23FAD9BC00BBA58D /* Debug */,
				724FFECC23FAD9BC00BBA58D /* Release */,
			);
			defaultConfigurationIsVisible = 0;
			defaultConfigurationName = Release;
		};
		724FFECD23FAD9BC00BBA58D /* Build configuration list for PBXNativeTarget "FeelGoodKK" */ = {
			isa = XCConfigurationList;
			buildConfigurations = (
				724FFECE23FAD9BC00BBA58D /* Debug */,
				724FFECF23FAD9BC00BBA58D /* Release */,
			);
			defaultConfigurationIsVisible = 0;
			defaultConfigurationName = Release;
		};
/* End XCConfigurationList section */
	};
	rootObject = 724FFEB123FAD9B700BBA58D /* Project object */;
}
